
Microsoft Visual Studio Solution File, Format Version 12.00
# Visual Studio Version 16
VisualStudioVersion = 16.0.30517.126
MinimumVisualStudioVersion = 10.0.40219.1
Project("{FAE04EC0-301F-11D3-BF4B-00C04F79EFBC}") = "Geldautomaat", "Geldautomaat.csproj", "{3F27D768-013B-4D2D-AC53-731E427CB14F}"
EndProject
Project("{FAE04EC0-301F-11D3-BF4B-00C04F79EFBC}") = "AdminPanel", "..\GeldautomaatAdminPanel\AdminPanel.csproj", "{A2A717CC-D129-4A2D-96D6-703DB522EEEC}"
EndProject
Project("{FAE04EC0-301F-11D3-BF4B-00C04F79EFBC}") = "GeldautomaatClassLibrary", "..\GeldautomaatClassLibrary\GeldautomaatClassLibrary.csproj", "{07F60DF6-402A-457B-A486-975CD8579FC4}"
EndProject
Global
	GlobalSection(SolutionConfigurationPlatforms) = preSolution
		Debug|Any CPU = Debug|Any CPU
		Release|Any CPU = Release|Any CPU
	EndGlobalSection
	GlobalSection(ProjectConfigurationPlatforms) = postSolution
		{3F27D768-013B-4D2D-AC53-731E427CB14F}.Debug|Any CPU.ActiveCfg = Debug|Any CPU
		{3F27D768-013B-4D2D-AC53-731E427CB14F}.Debug|Any CPU.Build.0 = Debug|Any CPU
		{3F27D768-013B-4D2D-AC53-731E427CB14F}.Release|Any CPU.ActiveCfg = Release|Any CPU
		{3F27D768-013B-4D2D-AC53-731E427CB14F}.Release|Any CPU.Build.0 = Release|Any CPU
		{A2A717CC-D129-4A2D-96D6-703DB522EEEC}.Debug|Any CPU.ActiveCfg = Debug|Any CPU
		{A2A717CC-D129-4A2D-96D6-703DB522EEEC}.Debug|Any CPU.Build.0 = Debug|Any CPU
		{A2A717CC-D129-4A2D-96D6-703DB522EEEC}.Release|Any CPU.ActiveCfg = Release|Any CPU
		{A2A717CC-D129-4A2D-96D6-703DB522EEEC}.Release|Any CPU.Build.0 = Release|Any CPU
		{07F60DF6-402A-457B-A486-975CD8579FC4}.Debug|Any CPU.ActiveCfg = Debug|Any CPU
		{07F60DF6-402A-457B-A486-975CD8579FC4}.Debug|Any CPU.Build.0 = Debug|Any CPU
		{07F60DF6-402A-457B-A486-975CD8579FC4}.Release|Any CPU.ActiveCfg = Release|Any CPU
		{07F60DF6-402A-457B-A486-975CD8579FC4}.Release|Any CPU.Build.0 = Release|Any CPU
	EndGlobalSection
	GlobalSection(SolutionProperties) = preSolution
		HideSolutionNode = FALSE
	EndGlobalSection
	GlobalSection(ExtensibilityGlobals) = postSolution
		SolutionGuid = {CF0064A7-7BA7-41BC-860E-06D758C297DD}
	EndGlobalSection
EndGlobal
